
Microsoft Visual Studio Solution File, Format Version 10.00
# Visual Studio 2008
Project("{FAE04EC0-301F-11D3-BF4B-00C04F79EFBC}") = "Optimasi Produksi", "Optimasi Produksi\Optimasi Produksi.csproj", "{81210787-EAEF-400A-8B2D-8274C2D8E0BF}"
EndProject
Global
	GlobalSection(SolutionConfigurationPlatforms) = preSolution
		Debug|Any CPU = Debug|Any CPU
		Release|Any CPU = Release|Any CPU
	EndGlobalSection
	GlobalSection(ProjectConfigurationPlatforms) = postSolution
		{81210787-EAEF-400A-8B2D-8274C2D8E0BF}.Debug|Any CPU.ActiveCfg = Debug|Any CPU
		{81210787-EAEF-400A-8B2D-8274C2D8E0BF}.Debug|Any CPU.Build.0 = Debug|Any CPU
		{81210787-EAEF-400A-8B2D-8274C2D8E0BF}.Release|Any CPU.ActiveCfg = Release|Any CPU
		{81210787-EAEF-400A-8B2D-8274C2D8E0BF}.Release|Any CPU.Build.0 = Release|Any CPU
	EndGlobalSection
	GlobalSection(SolutionProperties) = preSolution
		HideSolutionNode = FALSE
	EndGlobalSection
EndGlobal
